
Microsoft Visual Studio Solution File, Format Version 12.00
# Visual Studio Version 16
VisualStudioVersion = 16.0.29926.136
MinimumVisualStudioVersion = 10.0.40219.1
Project("{FAE04EC0-301F-11D3-BF4B-00C04F79EFBC}") = "TimeElves", "TimeElves.csproj", "{0B874950-0AAC-45FD-83DC-7B6C506B14AA}"
EndProject
Global
	GlobalSection(SolutionConfigurationPlatforms) = preSolution
		Debug|Any CPU = Debug|Any CPU
		Release|Any CPU = Release|Any CPU
	EndGlobalSection
	GlobalSection(ProjectConfigurationPlatforms) = postSolution
		{0B874950-0AAC-45FD-83DC-7B6C506B14AA}.Debug|Any CPU.ActiveCfg = Debug|Any CPU
		{0B874950-0AAC-45FD-83DC-7B6C506B14AA}.Debug|Any CPU.Build.0 = Debug|Any CPU
		{0B874950-0AAC-45FD-83DC-7B6C506B14AA}.Release|Any CPU.ActiveCfg = Release|Any CPU
		{0B874950-0AAC-45FD-83DC-7B6C506B14AA}.Release|Any CPU.Build.0 = Release|Any CPU
	EndGlobalSection
	GlobalSection(SolutionProperties) = preSolution
		HideSolutionNode = FALSE
	EndGlobalSection
	GlobalSection(ExtensibilityGlobals) = postSolution
		SolutionGuid = {8C0B26C5-EBDB-4641-9C63-10BAB0C08F9D}
	EndGlobalSection
EndGlobal
